
Microsoft Visual Studio Solution File, Format Version 12.00
# Visual Studio 2013
VisualStudioVersion = 12.0.31101.0
MinimumVisualStudioVersion = 10.0.40219.1
Project("{2150E333-8FDC-42A3-9474-1A3956D46DE8}") = ".nuget", ".nuget", "{6F9C3295-9D37-45EB-98C4-422B373B6F9C}"
	ProjectSection(SolutionItems) = preProject
		.nuget\NuGet.Config = .nuget\NuGet.Config
		.nuget\NuGet.exe = .nuget\NuGet.exe
		.nuget\NuGet.targets = .nuget\NuGet.targets
	EndProjectSection
EndProject
Project("{FAE04EC0-301F-11D3-BF4B-00C04F79EFBC}") = "FaceDetection", "FaceDetection\FaceDetection\FaceDetection.csproj", "{5C057934-125B-4143-BD88-820C0884066D}"
EndProject
Project("{FAE04EC0-301F-11D3-BF4B-00C04F79EFBC}") = "FaceDetection.iOS", "FaceDetection\FaceDetection.iOS\FaceDetection.iOS.csproj", "{E0E1A233-F816-4B67-9FA2-130550049F17}"
EndProject
Project("{FAE04EC0-301F-11D3-BF4B-00C04F79EFBC}") = "FaceDetection.Droid", "FaceDetection\FaceDetection.Droid\FaceDetection.Droid.csproj", "{59314DA1-2B4B-4354-95D3-A65F2887C991}"
EndProject
Project("{FAE04EC0-301F-11D3-BF4B-00C04F79EFBC}") = "FaceDetection.WinPhone", "FaceDetection\FaceDetection.WinPhone\FaceDetection.WinPhone.csproj", "{DB021476-72D9-4880-A14F-CC51FA866322}"
EndProject
Project("{2150E333-8FDC-42A3-9474-1A3956D46DE8}") = "FaceDetection", "FaceDetection", "{79AAF4FC-DF83-46B0-AE8F-099D856A35C0}"
EndProject
Project("{FAE04EC0-301F-11D3-BF4B-00C04F79EFBC}") = "Panorama.Phone", "Panorama.Phone\Panorama.Phone.csproj", "{C5B5FEDA-CC85-497A-85FA-0BCE614516EB}"
EndProject
Global
	GlobalSection(SolutionConfigurationPlatforms) = preSolution
		Ad-Hoc|Any CPU = Ad-Hoc|Any CPU
		Ad-Hoc|ARM = Ad-Hoc|ARM
		Ad-Hoc|iPhone = Ad-Hoc|iPhone
		Ad-Hoc|iPhoneSimulator = Ad-Hoc|iPhoneSimulator
		Ad-Hoc|x86 = Ad-Hoc|x86
		AppStore|Any CPU = AppStore|Any CPU
		AppStore|ARM = AppStore|ARM
		AppStore|iPhone = AppStore|iPhone
		AppStore|iPhoneSimulator = AppStore|iPhoneSimulator
		AppStore|x86 = AppStore|x86
		Debug|Any CPU = Debug|Any CPU
		Debug|ARM = Debug|ARM
		Debug|iPhone = Debug|iPhone
		Debug|iPhoneSimulator = Debug|iPhoneSimulator
		Debug|x86 = Debug|x86
		Release|Any CPU = Release|Any CPU
		Release|ARM = Release|ARM
		Release|iPhone = Release|iPhone
		Release|iPhoneSimulator = Release|iPhoneSimulator
		Release|x86 = Release|x86
	EndGlobalSection
	GlobalSection(ProjectConfigurationPlatforms) = postSolution
		{5C057934-125B-4143-BD88-820C0884066D}.Ad-Hoc|Any CPU.ActiveCfg = Release|Any CPU
		{5C057934-125B-4143-BD88-820C0884066D}.Ad-Hoc|Any CPU.Build.0 = Release|Any CPU
		{5C057934-125B-4143-BD88-820C0884066D}.Ad-Hoc|ARM.ActiveCfg = Release|Any CPU
		{5C057934-125B-4143-BD88-820C0884066D}.Ad-Hoc|ARM.Build.0 = Release|Any CPU
		{5C057934-125B-4143-BD88-820C0884066D}.Ad-Hoc|iPhone.ActiveCfg = Release|Any CPU
		{5C057934-125B-4143-BD88-820C0884066D}.Ad-Hoc|iPhone.Build.0 = Release|Any CPU
		{5C057934-125B-4143-BD88-820C0884066D}.Ad-Hoc|iPhoneSimulator.ActiveCfg = Release|Any CPU
		{5C057934-125B-4143-BD88-820C0884066D}.Ad-Hoc|iPhoneSimulator.Build.0 = Release|Any CPU
		{5C057934-125B-4143-BD88-820C0884066D}.Ad-Hoc|x86.ActiveCfg = Release|Any CPU
		{5C057934-125B-4143-BD88-820C0884066D}.Ad-Hoc|x86.Build.0 = Release|Any CPU
		{5C057934-125B-4143-BD88-820C0884066D}.AppStore|Any CPU.ActiveCfg = Release|Any CPU
		{5C057934-125B-4143-BD88-820C0884066D}.AppStore|Any CPU.Build.0 = Release|Any CPU
		{5C057934-125B-4143-BD88-820C0884066D}.AppStore|ARM.ActiveCfg = Release|Any CPU
		{5C057934-125B-4143-BD88-820C0884066D}.AppStore|ARM.Build.0 = Release|Any CPU
		{5C057934-125B-4143-BD88-820C0884066D}.AppStore|iPhone.ActiveCfg = Release|Any CPU
		{5C057934-125B-4143-BD88-820C0884066D}.AppStore|iPhone.Build.0 = Release|Any CPU
		{5C057934-125B-4143-BD88-820C0884066D}.AppStore|iPhoneSimulator.ActiveCfg = Release|Any CPU
		{5C057934-125B-4143-BD88-820C0884066D}.AppStore|iPhoneSimulator.Build.0 = Release|Any CPU
		{5C057934-125B-4143-BD88-820C0884066D}.AppStore|x86.ActiveCfg = Release|Any CPU
		{5C057934-125B-4143-BD88-820C0884066D}.AppStore|x86.Build.0 = Release|Any CPU
		{5C057934-125B-4143-BD88-820C0884066D}.Debug|Any CPU.ActiveCfg = Debug|Any CPU
		{5C057934-125B-4143-BD88-820C0884066D}.Debug|Any CPU.Build.0 = Debug|Any CPU
		{5C057934-125B-4143-BD88-820C0884066D}.Debug|ARM.ActiveCfg = Debug|Any CPU
		{5C057934-125B-4143-BD88-820C0884066D}.Debug|ARM.Build.0 = Debug|Any CPU
		{5C057934-125B-4143-BD88-820C0884066D}.Debug|iPhone.ActiveCfg = Debug|Any CPU
		{5C057934-125B-4143-BD88-820C0884066D}.Debug|iPhone.Build.0 = Debug|Any CPU
		{5C057934-125B-4143-BD88-820C0884066D}.Debug|iPhoneSimulator.ActiveCfg = Debug|Any CPU
		{5C057934-125B-4143-BD88-820C0884066D}.Debug|iPhoneSimulator.Build.0 = Debug|Any CPU
		{5C057934-125B-4143-BD88-820C0884066D}.Debug|x86.ActiveCfg = Debug|Any CPU
		{5C057934-125B-4143-BD88-820C0884066D}.Debug|x86.Build.0 = Debug|Any CPU
		{5C057934-125B-4143-BD88-820C0884066D}.Release|Any CPU.ActiveCfg = Release|Any CPU
		{5C057934-125B-4143-BD88-820C0884066D}.Release|Any CPU.Build.0 = Release|Any CPU
		{5C057934-125B-4143-BD88-820C0884066D}.Release|ARM.ActiveCfg = Release|Any CPU
		{5C057934-125B-4143-BD88-820C0884066D}.Release|ARM.Build.0 = Release|Any CPU
		{5C057934-125B-4143-BD88-820C0884066D}.Release|iPhone.ActiveCfg = Release|Any CPU
		{5C057934-125B-4143-BD88-820C0884066D}.Release|iPhone.Build.0 = Release|Any CPU
		{5C057934-125B-4143-BD88-820C0884066D}.Release|iPhoneSimulator.ActiveCfg = Release|Any CPU
		{5C057934-125B-4143-BD88-820C0884066D}.Release|iPhoneSimulator.Build.0 = Release|Any CPU
		{5C057934-125B-4143-BD88-820C0884066D}.Release|x86.ActiveCfg = Release|Any CPU
		{5C057934-125B-4143-BD88-820C0884066D}.Release|x86.Build.0 = Release|Any CPU
		{E0E1A233-F816-4B67-9FA2-130550049F17}.Ad-Hoc|Any CPU.ActiveCfg = Ad-Hoc|iPhone
		{E0E1A233-F816-4B67-9FA2-130550049F17}.Ad-Hoc|ARM.ActiveCfg = Ad-Hoc|iPhone
		{E0E1A233-F816-4B67-9FA2-130550049F17}.Ad-Hoc|iPhone.ActiveCfg = Ad-Hoc|iPhone
		{E0E1A233-F816-4B67-9FA2-130550049F17}.Ad-Hoc|iPhone.Build.0 = Ad-Hoc|iPhone
		{E0E1A233-F816-4B67-9FA2-130550049F17}.Ad-Hoc|iPhoneSimulator.ActiveCfg = Ad-Hoc|iPhoneSimulator
		{E0E1A233-F816-4B67-9FA2-130550049F17}.Ad-Hoc|iPhoneSimulator.Build.0 = Ad-Hoc|iPhoneSimulator
		{E0E1A233-F816-4B67-9FA2-130550049F17}.Ad-Hoc|x86.ActiveCfg = Ad-Hoc|iPhone
		{E0E1A233-F816-4B67-9FA2-130550049F17}.AppStore|Any CPU.ActiveCfg = AppStore|iPhone
		{E0E1A233-F816-4B67-9FA2-130550049F17}.AppStore|ARM.ActiveCfg = AppStore|iPhone
		{E0E1A233-F816-4B67-9FA2-130550049F17}.AppStore|iPhone.ActiveCfg = AppStore|iPhone
		{E0E1A233-F816-4B67-9FA2-130550049F17}.AppStore|iPhone.Build.0 = AppStore|iPhone
		{E0E1A233-F816-4B67-9FA2-130550049F17}.AppStore|iPhoneSimulator.ActiveCfg = AppStore|iPhoneSimulator
		{E0E1A233-F816-4B67-9FA2-130550049F17}.AppStore|iPhoneSimulator.Build.0 = AppStore|iPhoneSimulator
		{E0E1A233-F816-4B67-9FA2-130550049F17}.AppStore|x86.ActiveCfg = AppStore|iPhone
		{E0E1A233-F816-4B67-9FA2-130550049F17}.Debug|Any CPU.ActiveCfg = Debug|iPhone
		{E0E1A233-F816-4B67-9FA2-130550049F17}.Debug|ARM.ActiveCfg = Debug|iPhone
		{E0E1A233-F816-4B67-9FA2-130550049F17}.Debug|iPhone.ActiveCfg = Debug|iPhone
		{E0E1A233-F816-4B67-9FA2-130550049F17}.Debug|iPhone.Build.0 = Debug|iPhone
		{E0E1A233-F816-4B67-9FA2-130550049F17}.Debug|iPhoneSimulator.ActiveCfg = Debug|iPhoneSimulator
		{E0E1A233-F816-4B67-9FA2-130550049F17}.Debug|iPhoneSimulator.Build.0 = Debug|iPhoneSimulator
		{E0E1A233-F816-4B67-9FA2-130550049F17}.Debug|x86.ActiveCfg = Debug|iPhone
		{E0E1A233-F816-4B67-9FA2-130550049F17}.Release|Any CPU.ActiveCfg = Release|iPhone
		{E0E1A233-F816-4B67-9FA2-130550049F17}.Release|ARM.ActiveCfg = Release|iPhone
		{E0E1A233-F816-4B67-9FA2-130550049F17}.Release|iPhone.ActiveCfg = Release|iPhone
		{E0E1A233-F816-4B67-9FA2-130550049F17}.Release|iPhone.Build.0 = Release|iPhone
		{E0E1A233-F816-4B67-9FA2-130550049F17}.Release|iPhoneSimulator.ActiveCfg = Release|iPhoneSimulator
		{E0E1A233-F816-4B67-9FA2-130550049F17}.Release|iPhoneSimulator.Build.0 = Release|iPhoneSimulator
		{E0E1A233-F816-4B67-9FA2-130550049F17}.Release|x86.ActiveCfg = Release|iPhone
		{59314DA1-2B4B-4354-95D3-A65F2887C991}.Ad-Hoc|Any CPU.ActiveCfg = Release|Any CPU
		{59314DA1-2B4B-4354-95D3-A65F2887C991}.Ad-Hoc|Any CPU.Build.0 = Release|Any CPU
		{59314DA1-2B4B-4354-95D3-A65F2887C991}.Ad-Hoc|Any CPU.Deploy.0 = Release|Any CPU
		{59314DA1-2B4B-4354-95D3-A65F2887C991}.Ad-Hoc|ARM.ActiveCfg = Release|Any CPU
		{59314DA1-2B4B-4354-95D3-A65F2887C991}.Ad-Hoc|iPhone.ActiveCfg = Release|Any CPU
		{59314DA1-2B4B-4354-95D3-A65F2887C991}.Ad-Hoc|iPhoneSimulator.ActiveCfg = Release|Any CPU
		{59314DA1-2B4B-4354-95D3-A65F2887C991}.Ad-Hoc|x86.ActiveCfg = Release|Any CPU
		{59314DA1-2B4B-4354-95D3-A65F2887C991}.AppStore|Any CPU.ActiveCfg = Release|Any CPU
		{59314DA1-2B4B-4354-95D3-A65F2887C991}.AppStore|Any CPU.Build.0 = Release|Any CPU
		{59314DA1-2B4B-4354-95D3-A65F2887C991}.AppStore|Any CPU.Deploy.0 = Release|Any CPU
		{59314DA1-2B4B-4354-95D3-A65F2887C991}.AppStore|ARM.ActiveCfg = Release|Any CPU
		{59314DA1-2B4B-4354-95D3-A65F2887C991}.AppStore|iPhone.ActiveCfg = Release|Any CPU
		{59314DA1-2B4B-4354-95D3-A65F2887C991}.AppStore|iPhoneSimulator.ActiveCfg = Release|Any CPU
		{59314DA1-2B4B-4354-95D3-A65F2887C991}.AppStore|x86.ActiveCfg = Release|Any CPU
		{59314DA1-2B4B-4354-95D3-A65F2887C991}.Debug|Any CPU.ActiveCfg = Debug|Any CPU
		{59314DA1-2B4B-4354-95D3-A65F2887C991}.Debug|Any CPU.Build.0 = Debug|Any CPU
		{59314DA1-2B4B-4354-95D3-A65F2887C991}.Debug|Any CPU.Deploy.0 = Debug|Any CPU
		{59314DA1-2B4B-4354-95D3-A65F2887C991}.Debug|ARM.ActiveCfg = Debug|Any CPU
		{59314DA1-2B4B-4354-95D3-A65F2887C991}.Debug|iPhone.ActiveCfg = Debug|Any CPU
		{59314DA1-2B4B-4354-95D3-A65F2887C991}.Debug|iPhoneSimulator.ActiveCfg = Debug|Any CPU
		{59314DA1-2B4B-4354-95D3-A65F2887C991}.Debug|x86.ActiveCfg = Debug|Any CPU
		{59314DA1-2B4B-4354-95D3-A65F2887C991}.Release|Any CPU.ActiveCfg = Release|Any CPU
		{59314DA1-2B4B-4354-95D3-A65F2887C991}.Release|Any CPU.Build.0 = Release|Any CPU
		{59314DA1-2B4B-4354-95D3-A65F2887C991}.Release|Any CPU.Deploy.0 = Release|Any CPU
		{59314DA1-2B4B-4354-95D3-A65F2887C991}.Release|ARM.ActiveCfg = Release|Any CPU
		{59314DA1-2B4B-4354-95D3-A65F2887C991}.Release|iPhone.ActiveCfg = Release|Any CPU
		{59314DA1-2B4B-4354-95D3-A65F2887C991}.Release|iPhoneSimulator.ActiveCfg = Release|Any CPU
		{59314DA1-2B4B-4354-95D3-A65F2887C991}.Release|x86.ActiveCfg = Release|Any CPU
		{DB021476-72D9-4880-A14F-CC51FA866322}.Ad-Hoc|Any CPU.ActiveCfg = Release|Any CPU
		{DB021476-72D9-4880-A14F-CC51FA866322}.Ad-Hoc|Any CPU.Build.0 = Release|Any CPU
		{DB021476-72D9-4880-A14F-CC51FA866322}.Ad-Hoc|Any CPU.Deploy.0 = Release|Any CPU
		{DB021476-72D9-4880-A14F-CC51FA866322}.Ad-Hoc|ARM.ActiveCfg = Release|ARM
		{DB021476-72D9-4880-A14F-CC51FA866322}.Ad-Hoc|ARM.Build.0 = Release|ARM
		{DB021476-72D9-4880-A14F-CC51FA866322}.Ad-Hoc|ARM.Deploy.0 = Release|ARM
		{DB021476-72D9-4880-A14F-CC51FA866322}.Ad-Hoc|iPhone.ActiveCfg = Release|Any CPU
		{DB021476-72D9-4880-A14F-CC51FA866322}.Ad-Hoc|iPhoneSimulator.ActiveCfg = Release|Any CPU
		{DB021476-72D9-4880-A14F-CC51FA866322}.Ad-Hoc|x86.ActiveCfg = Release|x86
		{DB021476-72D9-4880-A14F-CC51FA866322}.Ad-Hoc|x86.Build.0 = Release|x86
		{DB021476-72D9-4880-A14F-CC51FA866322}.Ad-Hoc|x86.Deploy.0 = Release|x86
		{DB021476-72D9-4880-A14F-CC51FA866322}.AppStore|Any CPU.ActiveCfg = Release|Any CPU
		{DB021476-72D9-4880-A14F-CC51FA866322}.AppStore|Any CPU.Build.0 = Release|Any CPU
		{DB021476-72D9-4880-A14F-CC51FA866322}.AppStore|Any CPU.Deploy.0 = Release|Any CPU
		{DB021476-72D9-4880-A14F-CC51FA866322}.AppStore|ARM.ActiveCfg = Release|ARM
		{DB021476-72D9-4880-A14F-CC51FA866322}.AppStore|ARM.Build.0 = Release|ARM
		{DB021476-72D9-4880-A14F-CC51FA866322}.AppStore|ARM.Deploy.0 = Release|ARM
		{DB021476-72D9-4880-A14F-CC51FA866322}.AppStore|iPhone.ActiveCfg = Release|Any CPU
		{DB021476-72D9-4880-A14F-CC51FA866322}.AppStore|iPhoneSimulator.ActiveCfg = Release|Any CPU
		{DB021476-72D9-4880-A14F-CC51FA866322}.AppStore|x86.ActiveCfg = Release|x86
		{DB021476-72D9-4880-A14F-CC51FA866322}.AppStore|x86.Build.0 = Release|x86
		{DB021476-72D9-4880-A14F-CC51FA866322}.AppStore|x86.Deploy.0 = Release|x86
		{DB021476-72D9-4880-A14F-CC51FA866322}.Debug|Any CPU.ActiveCfg = Debug|Any CPU
		{DB021476-72D9-4880-A14F-CC51FA866322}.Debug|Any CPU.Build.0 = Debug|Any CPU
		{DB021476-72D9-4880-A14F-CC51FA866322}.Debug|Any CPU.Deploy.0 = Debug|Any CPU
		{DB021476-72D9-4880-A14F-CC51FA866322}.Debug|ARM.ActiveCfg = Debug|ARM
		{DB021476-72D9-4880-A14F-CC51FA866322}.Debug|ARM.Build.0 = Debug|ARM
		{DB021476-72D9-4880-A14F-CC51FA866322}.Debug|ARM.Deploy.0 = Debug|ARM
		{DB021476-72D9-4880-A14F-CC51FA866322}.Debug|iPhone.ActiveCfg = Debug|Any CPU
		{DB021476-72D9-4880-A14F-CC51FA866322}.Debug|iPhoneSimulator.ActiveCfg = Debug|Any CPU
		{DB021476-72D9-4880-A14F-CC51FA866322}.Debug|x86.ActiveCfg = Debug|x86
		{DB021476-72D9-4880-A14F-CC51FA866322}.Debug|x86.Build.0 = Debug|x86
		{DB021476-72D9-4880-A14F-CC51FA866322}.Debug|x86.Deploy.0 = Debug|x86
		{DB021476-72D9-4880-A14F-CC51FA866322}.Release|Any CPU.ActiveCfg = Release|Any CPU
		{DB021476-72D9-4880-A14F-CC51FA866322}.Release|Any CPU.Build.0 = Release|Any CPU
		{DB021476-72D9-4880-A14F-CC51FA866322}.Release|Any CPU.Deploy.0 = Release|Any CPU
		{DB021476-72D9-4880-A14F-CC51FA866322}.Release|ARM.ActiveCfg = Release|ARM
		{DB021476-72D9-4880-A14F-CC51FA866322}.Release|ARM.Build.0 = Release|ARM
		{DB021476-72D9-4880-A14F-CC51FA866322}.Release|ARM.Deploy.0 = Release|ARM
		{DB021476-72D9-4880-A14F-CC51FA866322}.Release|iPhone.ActiveCfg = Release|Any CPU
		{DB021476-72D9-4880-A14F-CC51FA866322}.Release|iPhoneSimulator.ActiveCfg = Release|Any CPU
		{DB021476-72D9-4880-A14F-CC51FA866322}.Release|x86.ActiveCfg = Release|x86
		{DB021476-72D9-4880-A14F-CC51FA866322}.Release|x86.Build.0 = Release|x86
		{DB021476-72D9-4880-A14F-CC51FA866322}.Release|x86.Deploy.0 = Release|x86
		{C5B5FEDA-CC85-497A-85FA-0BCE614516EB}.Ad-Hoc|Any CPU.ActiveCfg = Release|Any CPU
		{C5B5FEDA-CC85-497A-85FA-0BCE614516EB}.Ad-Hoc|Any CPU.Build.0 = Release|Any CPU
		{C5B5FEDA-CC85-497A-85FA-0BCE614516EB}.Ad-Hoc|Any CPU.Deploy.0 = Release|Any CPU
		{C5B5FEDA-CC85-497A-85FA-0BCE614516EB}.Ad-Hoc|ARM.ActiveCfg = Release|ARM
		{C5B5FEDA-CC85-497A-85FA-0BCE614516EB}.Ad-Hoc|ARM.Build.0 = Release|ARM
		{C5B5FEDA-CC85-497A-85FA-0BCE614516EB}.Ad-Hoc|ARM.Deploy.0 = Release|ARM
		{C5B5FEDA-CC85-497A-85FA-0BCE614516EB}.Ad-Hoc|iPhone.ActiveCfg = Release|Any CPU
		{C5B5FEDA-CC85-497A-85FA-0BCE614516EB}.Ad-Hoc|iPhoneSimulator.ActiveCfg = Release|Any CPU
		{C5B5FEDA-CC85-497A-85FA-0BCE614516EB}.Ad-Hoc|x86.ActiveCfg = Release|x86
		{C5B5FEDA-CC85-497A-85FA-0BCE614516EB}.Ad-Hoc|x86.Build.0 = Release|x86
		{C5B5FEDA-CC85-497A-85FA-0BCE614516EB}.Ad-Hoc|x86.Deploy.0 = Release|x86
		{C5B5FEDA-CC85-497A-85FA-0BCE614516EB}.AppStore|Any CPU.ActiveCfg = Release|Any CPU
		{C5B5FEDA-CC85-497A-85FA-0BCE614516EB}.AppStore|Any CPU.Build.0 = Release|Any CPU
		{C5B5FEDA-CC85-497A-85FA-0BCE614516EB}.AppStore|Any CPU.Deploy.0 = Release|Any CPU
		{C5B5FEDA-CC85-497A-85FA-0BCE614516EB}.AppStore|ARM.ActiveCfg = Release|ARM
		{C5B5FEDA-CC85-497A-85FA-0BCE614516EB}.AppStore|ARM.Build.0 = Release|ARM
		{C5B5FEDA-CC85-497A-85FA-0BCE614516EB}.AppStore|ARM.Deploy.0 = Release|ARM
		{C5B5FEDA-CC85-497A-85FA-0BCE614516EB}.AppStore|iPhone.ActiveCfg = Release|Any CPU
		{C5B5FEDA-CC85-497A-85FA-0BCE614516EB}.AppStore|iPhoneSimulator.ActiveCfg = Release|Any CPU
		{C5B5FEDA-CC85-497A-85FA-0BCE614516EB}.AppStore|x86.ActiveCfg = Release|x86
		{C5B5FEDA-CC85-497A-85FA-0BCE614516EB}.AppStore|x86.Build.0 = Release|x86
		{C5B5FEDA-CC85-497A-85FA-0BCE614516EB}.AppStore|x86.Deploy.0 = Release|x86
		{C5B5FEDA-CC85-497A-85FA-0BCE614516EB}.Debug|Any CPU.ActiveCfg = Debug|Any CPU
		{C5B5FEDA-CC85-497A-85FA-0BCE614516EB}.Debug|Any CPU.Build.0 = Debug|Any CPU
		{C5B5FEDA-CC85-497A-85FA-0BCE614516EB}.Debug|Any CPU.Deploy.0 = Debug|Any CPU
		{C5B5FEDA-CC85-497A-85FA-0BCE614516EB}.Debug|ARM.ActiveCfg = Debug|ARM
		{C5B5FEDA-CC85-497A-85FA-0BCE614516EB}.Debug|ARM.Build.0 = Debug|ARM
		{C5B5FEDA-CC85-497A-85FA-0BCE614516EB}.Debug|ARM.Deploy.0 = Debug|ARM
		{C5B5FEDA-CC85-497A-85FA-0BCE614516EB}.Debug|iPhone.ActiveCfg = Debug|Any CPU
		{C5B5FEDA-CC85-497A-85FA-0BCE614516EB}.Debug|iPhoneSimulator.ActiveCfg = Debug|Any CPU
		{C5B5FEDA-CC85-497A-85FA-0BCE614516EB}.Debug|x86.ActiveCfg = Debug|x86
		{C5B5FEDA-CC85-497A-85FA-0BCE614516EB}.Debug|x86.Build.0 = Debug|x86
		{C5B5FEDA-CC85-497A-85FA-0BCE614516EB}.Debug|x86.Deploy.0 = Debug|x86
		{C5B5FEDA-CC85-497A-85FA-0BCE614516EB}.Release|Any CPU.ActiveCfg = Release|Any CPU
		{C5B5FEDA-CC85-497A-85FA-0BCE614516EB}.Release|Any CPU.Build.0 = Release|Any CPU
		{C5B5FEDA-CC85-497A-85FA-0BCE614516EB}.Release|Any CPU.Deploy.0 = Release|Any CPU
		{C5B5FEDA-CC85-497A-85FA-0BCE614516EB}.Release|ARM.ActiveCfg = Release|ARM
		{C5B5FEDA-CC85-497A-85FA-0BCE614516EB}.Release|ARM.Build.0 = Release|ARM
		{C5B5FEDA-CC85-497A-85FA-0BCE614516EB}.Release|ARM.Deploy.0 = Release|ARM
		{C5B5FEDA-CC85-497A-85FA-0BCE614516EB}.Release|iPhone.ActiveCfg = Release|Any CPU
		{C5B5FEDA-CC85-497A-85FA-0BCE614516EB}.Release|iPhoneSimulator.ActiveCfg = Release|Any CPU
		{C5B5FEDA-CC85-497A-85FA-0BCE614516EB}.Release|x86.ActiveCfg = Release|x86
		{C5B5FEDA-CC85-497A-85FA-0BCE614516EB}.Release|x86.Build.0 = Release|x86
		{C5B5FEDA-CC85-497A-85FA-0BCE614516EB}.Release|x86.Deploy.0 = Release|x86
	EndGlobalSection
	GlobalSection(SolutionProperties) = preSolution
		HideSolutionNode = FALSE
	EndGlobalSection
	GlobalSection(NestedProjects) = preSolution
		{5C057934-125B-4143-BD88-820C0884066D} = {79AAF4FC-DF83-46B0-AE8F-099D856A35C0}
		{E0E1A233-F816-4B67-9FA2-130550049F17} = {79AAF4FC-DF83-46B0-AE8F-099D856A35C0}
		{59314DA1-2B4B-4354-95D3-A65F2887C991} = {79AAF4FC-DF83-46B0-AE8F-099D856A35C0}
		{DB021476-72D9-4880-A14F-CC51FA866322} = {79AAF4FC-DF83-46B0-AE8F-099D856A35C0}
	EndGlobalSection
EndGlobal
